
Microsoft Visual Studio Solution File, Format Version 12.00
# Visual Studio Version 16
VisualStudioVersion = 16.0.29306.81
MinimumVisualStudioVersion = 10.0.40219.1
Project("{8BC9CEB8-8B4A-11D0-8D11-00A0C91BC942}") = "Project_2", "Project_2.vcxproj", "{8DE4A2F8-EEDD-4A38-8D95-86041156277C}"
EndProject
Global
	GlobalSection(SolutionConfigurationPlatforms) = preSolution
		Debug|x64 = Debug|x64
		Debug|x86 = Debug|x86
		Release|x64 = Release|x64
		Release|x86 = Release|x86
	EndGlobalSection
	GlobalSection(ProjectConfigurationPlatforms) = postSolution
		{8DE4A2F8-EEDD-4A38-8D95-86041156277C}.Debug|x64.ActiveCfg = Debug|x64
		{8DE4A2F8-EEDD-4A38-8D95-86041156277C}.Debug|x64.Build.0 = Debug|x64
		{8DE4A2F8-EEDD-4A38-8D95-86041156277C}.Debug|x86.ActiveCfg = Debug|Win32
		{8DE4A2F8-EEDD-4A38-8D95-86041156277C}.Debug|x86.Build.0 = Debug|Win32
		{8DE4A2F8-EEDD-4A38-8D95-86041156277C}.Release|x64.ActiveCfg = Release|x64
		{8DE4A2F8-EEDD-4A38-8D95-86041156277C}.Release|x64.Build.0 = Release|x64
		{8DE4A2F8-EEDD-4A38-8D95-86041156277C}.Release|x86.ActiveCfg = Release|Win32
		{8DE4A2F8-EEDD-4A38-8D95-86041156277C}.Release|x86.Build.0 = Release|Win32
	EndGlobalSection
	GlobalSection(SolutionProperties) = preSolution
		HideSolutionNode = FALSE
	EndGlobalSection
	GlobalSection(ExtensibilityGlobals) = postSolution
		SolutionGuid = {313F85F4-1522-448A-9F1E-C97F4B69A9A7}
	EndGlobalSection
EndGlobal
